// !$*UTF8*$!
{
	archiveVersion = 1;
	classes = {
	};
	objectVersion = 46;
	objects = {

/* Begin PBXBuildFile section */
		740ED0192220578900B6C2EA /* Calculator.swift in Sources */ = {isa = PBXBuildFile; fileRef = 740ED0182220578900B6C2EA /* Calculator.swift */; };
		74154E092220899600975882 /* CalculatorTestCase.swift in Sources */ = {isa = PBXBuildFile; fileRef = 74154E082220899600975882 /* CalculatorTestCase.swift */; };
		747C456422300FAD00D4D7AF /* errorMessage.swift in Sources */ = {isa = PBXBuildFile; fileRef = 747C456322300FAD00D4D7AF /* errorMessage.swift */; };
		C926DADD1D7581BB00477020 /* AppDelegate.swift in Sources */ = {isa = PBXBuildFile; fileRef = C926DADC1D7581BB00477020 /* AppDelegate.swift */; };
		C926DADF1D7581BB00477020 /* ViewController.swift in Sources */ = {isa = PBXBuildFile; fileRef = C926DADE1D7581BB00477020 /* ViewController.swift */; };
		C926DAE21D7581BB00477020 /* Main.storyboard in Resources */ = {isa = PBXBuildFile; fileRef = C926DAE01D7581BB00477020 /* Main.storyboard */; };
		C926DAE41D7581BB00477020 /* Assets.xcassets in Resources */ = {isa = PBXBuildFile; fileRef = C926DAE31D7581BB00477020 /* Assets.xcassets */; };
		C926DAE71D7581BB00477020 /* LaunchScreen.storyboard in Resources */ = {isa = PBXBuildFile; fileRef = C926DAE51D7581BB00477020 /* LaunchScreen.storyboard */; };
		C9DA150A1DF08CF100B0974D /* Default-568h@2x.png in Resources */ = {isa = PBXBuildFile; fileRef = C9DA15091DF08CF100B0974D /* Default-568h@2x.png */; };
/* End PBXBuildFile section */

/* Begin PBXContainerItemProxy section */
		74154E032220882500975882 /* PBXContainerItemProxy */ = {
			isa = PBXContainerItemProxy;
			containerPortal = C926DAD11D7581BB00477020 /* Project object */;
			proxyType = 1;
			remoteGlobalIDString = C926DAD81D7581BB00477020;
			remoteInfo = CountOnMe;
		};
/* End PBXContainerItemProxy section */

/* Begin PBXFileReference section */
		740ED0182220578900B6C2EA /* Calculator.swift */ = {isa = PBXFileReference; lastKnownFileType = sourcecode.swift; path = Calculator.swift; sourceTree = "<group>"; };
		74154DFE2220882500975882 /* CountOnMeTests.xctest */ = {isa = PBXFileReference; explicitFileType = wrapper.cfbundle; includeInIndex = 0; path = CountOnMeTests.xctest; sourceTree = BUILT_PRODUCTS_DIR; };
		74154E022220882500975882 /* Info.plist */ = {isa = PBXFileReference; lastKnownFileType = text.plist.xml; path = Info.plist; sourceTree = "<group>"; };
		74154E082220899600975882 /* CalculatorTestCase.swift */ = {isa = PBXFileReference; lastKnownFileType = sourcecode.swift; path = CalculatorTestCase.swift; sourceTree = "<group>"; };
		747C456322300FAD00D4D7AF /* errorMessage.swift */ = {isa = PBXFileReference; lastKnownFileType = sourcecode.swift; path = errorMessage.swift; sourceTree = "<group>"; };
		C926DAD91D7581BB00477020 /* CountOnMe.app */ = {isa = PBXFileReference; explicitFileType = wrapper.application; includeInIndex = 0; path = CountOnMe.app; sourceTree = BUILT_PRODUCTS_DIR; };
		C926DADC1D7581BB00477020 /* AppDelegate.swift */ = {isa = PBXFileReference; lastKnownFileType = sourcecode.swift; path = AppDelegate.swift; sourceTree = "<group>"; };
		C926DADE1D7581BB00477020 /* ViewController.swift */ = {isa = PBXFileReference; lastKnownFileType = sourcecode.swift; path = ViewController.swift; sourceTree = "<group>"; };
		C926DAE11D7581BB00477020 /* Base */ = {isa = PBXFileReference; lastKnownFileType = file.storyboard; name = Base; path = Base.lproj/Main.storyboard; sourceTree = "<group>"; };
		C926DAE31D7581BB00477020 /* Assets.xcassets */ = {isa = PBXFileReference; lastKnownFileType = folder.assetcatalog; path = Assets.xcassets; sourceTree = "<group>"; };
		C926DAE61D7581BB00477020 /* Base */ = {isa = PBXFileReference; lastKnownFileType = file.storyboard; name = Base; path = Base.lproj/LaunchScreen.storyboard; sourceTree = "<group>"; };
		C926DAE81D7581BB00477020 /* Info.plist */ = {isa = PBXFileReference; lastKnownFileType = text.plist.xml; path = Info.plist; sourceTree = "<group>"; };
		C9DA15091DF08CF100B0974D /* Default-568h@2x.png */ = {isa = PBXFileReference; lastKnownFileType = image.png; path = "Default-568h@2x.png"; sourceTree = "<group>"; };
/* End PBXFileReference section */

/* Begin PBXFrameworksBuildPhase section */
		74154DFB2220882500975882 /* Frameworks */ = {
			isa = PBXFrameworksBuildPhase;
			buildActionMask = 2147483647;
			files = (
			);
			runOnlyForDeploymentPostprocessing = 0;
		};
		C926DAD61D7581BB00477020 /* Frameworks */ = {
			isa = PBXFrameworksBuildPhase;
			buildActionMask = 2147483647;
			files = (
			);
			runOnlyForDeploymentPostprocessing = 0;
		};
/* End PBXFrameworksBuildPhase section */

/* Begin PBXGroup section */
		740ED0142220568200B6C2EA /* Model */ = {
			isa = PBXGroup;
			children = (
				740ED0182220578900B6C2EA /* Calculator.swift */,
				747C456322300FAD00D4D7AF /* errorMessage.swift */,
			);
			path = Model;
			sourceTree = "<group>";
		};
		740ED0152220568E00B6C2EA /* View */ = {
			isa = PBXGroup;
			children = (
			);
			path = View;
			sourceTree = "<group>";
		};
		740ED016222056E900B6C2EA /* Controller */ = {
			isa = PBXGroup;
			children = (
				C926DADE1D7581BB00477020 /* ViewController.swift */,
			);
			path = Controller;
			sourceTree = "<group>";
		};
		740ED0172220571500B6C2EA /* Supporting files */ = {
			isa = PBXGroup;
			children = (
				C926DAE81D7581BB00477020 /* Info.plist */,
				C926DAE31D7581BB00477020 /* Assets.xcassets */,
				C926DAE51D7581BB00477020 /* LaunchScreen.storyboard */,
				C926DADC1D7581BB00477020 /* AppDelegate.swift */,
			);
			path = "Supporting files";
			sourceTree = "<group>";
		};
		74154DFF2220882500975882 /* CountOnMeTests */ = {
			isa = PBXGroup;
			children = (
				74154E082220899600975882 /* CalculatorTestCase.swift */,
				74154E022220882500975882 /* Info.plist */,
			);
			path = CountOnMeTests;
			sourceTree = "<group>";
		};
		C926DAD01D7581BB00477020 = {
			isa = PBXGroup;
			children = (
				C9DA15091DF08CF100B0974D /* Default-568h@2x.png */,
				C926DADB1D7581BB00477020 /* CountOnMe */,
				74154DFF2220882500975882 /* CountOnMeTests */,
				C926DADA1D7581BB00477020 /* Products */,
			);
			sourceTree = "<group>";
		};
		C926DADA1D7581BB00477020 /* Products */ = {
			isa = PBXGroup;
			children = (
				C926DAD91D7581BB00477020 /* CountOnMe.app */,
				74154DFE2220882500975882 /* CountOnMeTests.xctest */,
			);
			name = Products;
			sourceTree = "<group>";
		};
		C926DADB1D7581BB00477020 /* CountOnMe */ = {
			isa = PBXGroup;
			children = (
				740ED0142220568200B6C2EA /* Model */,
				740ED0152220568E00B6C2EA /* View */,
				C926DAE01D7581BB00477020 /* Main.storyboard */,
				740ED016222056E900B6C2EA /* Controller */,
				740ED0172220571500B6C2EA /* Supporting files */,
			);
			name = CountOnMe;
			path = "Zozor+";
			sourceTree = "<group>";
		};
/* End PBXGroup section */

/* Begin PBXNativeTarget section */
		74154DFD2220882500975882 /* CountOnMeTests */ = {
			isa = PBXNativeTarget;
			buildConfigurationList = 74154E052220882500975882 /* Build configuration list for PBXNativeTarget "CountOnMeTests" */;
			buildPhases = (
				74154DFA2220882500975882 /* Sources */,
				74154DFB2220882500975882 /* Frameworks */,
				74154DFC2220882500975882 /* Resources */,
			);
			buildRules = (
			);
			dependencies = (
				74154E042220882500975882 /* PBXTargetDependency */,
			);
			name = CountOnMeTests;
			productName = CountOnMeTests;
			productReference = 74154DFE2220882500975882 /* CountOnMeTests.xctest */;
			productType = "com.apple.product-type.bundle.unit-test";
		};
		C926DAD81D7581BB00477020 /* CountOnMe */ = {
			isa = PBXNativeTarget;
			buildConfigurationList = C926DB011D7581BB00477020 /* Build configuration list for PBXNativeTarget "CountOnMe" */;
			buildPhases = (
				C926DAD51D7581BB00477020 /* Sources */,
				C926DAD61D7581BB00477020 /* Frameworks */,
				C926DAD71D7581BB00477020 /* Resources */,
			);
			buildRules = (
			);
			dependencies = (
			);
			name = CountOnMe;
			productName = "Zozor+";
			productReference = C926DAD91D7581BB00477020 /* CountOnMe.app */;
			productType = "com.apple.product-type.application";
		};
/* End PBXNativeTarget section */

/* Begin PBXProject section */
		C926DAD11D7581BB00477020 /* Project object */ = {
			isa = PBXProject;
			attributes = {
				LastSwiftUpdateCheck = 1010;
				LastUpgradeCheck = 1010;
				ORGANIZATIONNAME = "Ambroise Collon";
				TargetAttributes = {
					74154DFD2220882500975882 = {
						CreatedOnToolsVersion = 10.1;
						LastSwiftMigration = 1010;
						ProvisioningStyle = Automatic;
						TestTargetID = C926DAD81D7581BB00477020;
					};
					C926DAD81D7581BB00477020 = {
						CreatedOnToolsVersion = 7.3.1;
						DevelopmentTeam = U827D84ZM8;
						LastSwiftMigration = 1010;
					};
				};
			};
			buildConfigurationList = C926DAD41D7581BB00477020 /* Build configuration list for PBXProject "CountOnMe" */;
			compatibilityVersion = "Xcode 3.2";
			developmentRegion = English;
			hasScannedForEncodings = 0;
			knownRegions = (
				en,
				Base,
			);
			mainGroup = C926DAD01D7581BB00477020;
			productRefGroup = C926DADA1D7581BB00477020 /* Products */;
			projectDirPath = "";
			projectRoot = "";
			targets = (
				C926DAD81D7581BB00477020 /* CountOnMe */,
				74154DFD2220882500975882 /* CountOnMeTests */,
			);
		};
/* End PBXProject section */

/* Begin PBXResourcesBuildPhase section */
		74154DFC2220882500975882 /* Resources */ = {
			isa = PBXResourcesBuildPhase;
			buildActionMask = 2147483647;
			files = (
			);
			runOnlyForDeploymentPostprocessing = 0;
		};
		C926DAD71D7581BB00477020 /* Resources */ = {
			isa = PBXResourcesBuildPhase;
			buildActionMask = 2147483647;
			files = (
				C926DAE71D7581BB00477020 /* LaunchScreen.storyboard in Resources */,
				C9DA150A1DF08CF100B0974D /* Default-568h@2x.png in Resources */,
				C926DAE41D7581BB00477020 /* Assets.xcassets in Resources */,
				C926DAE21D7581BB00477020 /* Main.storyboard in Resources */,
			);
			runOnlyForDeploymentPostprocessing = 0;
		};
/* End PBXResourcesBuildPhase section */

/* Begin PBXSourcesBuildPhase section */
		74154DFA2220882500975882 /* Sources */ = {
			isa = PBXSourcesBuildPhase;
			buildActionMask = 2147483647;
			files = (
				74154E092220899600975882 /* CalculatorTestCase.swift in Sources */,
			);
			runOnlyForDeploymentPostprocessing = 0;
		};
		C926DAD51D7581BB00477020 /* Sources */ = {
			isa = PBXSourcesBuildPhase;
			buildActionMask = 2147483647;
			files = (
				747C456422300FAD00D4D7AF /* errorMessage.swift in Sources */,
				C926DADF1D7581BB00477020 /* ViewController.swift in Sources */,
				C926DADD1D7581BB00477020 /* AppDelegate.swift in Sources */,
				740ED0192220578900B6C2EA /* Calculator.swift in Sources */,
			);
			runOnlyForDeploymentPostprocessing = 0;
		};
/* End PBXSourcesBuildPhase section */

/* Begin PBXTargetDependency section */
		74154E042220882500975882 /* PBXTargetDependency */ = {
			isa = PBXTargetDependency;
			target = C926DAD81D7581BB00477020 /* CountOnMe */;
			targetProxy = 74154E032220882500975882 /* PBXContainerItemProxy */;
		};
/* End PBXTargetDependency section */

/* Begin PBXVariantGroup section */
		C926DAE01D7581BB00477020 /* Main.storyboard */ = {
			isa = PBXVariantGroup;
			children = (
				C926DAE11D7581BB00477020 /* Base */,
			);
			name = Main.storyboard;
			sourceTree = "<group>";
		};
		C926DAE51D7581BB00477020 /* LaunchScreen.storyboard */ = {
			isa = PBXVariantGroup;
			children = (
				C926DAE61D7581BB00477020 /* Base */,
			);
			name = LaunchScreen.storyboard;
			sourceTree = "<group>";
		};
/* End PBXVariantGroup section */

/* Begin XCBuildConfiguration section */
		74154E062220882500975882 /* Debug */ = {
			isa = XCBuildConfiguration;
			buildSettings = {
				BUNDLE_LOADER = "$(TEST_HOST)";
				CLANG_ANALYZER_NUMBER_OBJECT_CONVERSION = YES_AGGRESSIVE;
				CLANG_CXX_LANGUAGE_STANDARD = "gnu++14";
				CLANG_ENABLE_MODULES = YES;
				CLANG_ENABLE_OBJC_WEAK = YES;
				CLANG_WARN_DOCUMENTATION_COMMENTS = YES;
				CLANG_WARN_UNGUARDED_AVAILABILITY = YES_AGGRESSIVE;
				CODE_SIGN_IDENTITY = "iPhone Developer";
				CODE_SIGN_STYLE = Automatic;
				ENABLE_BITCODE = NO;
				GCC_C_LANGUAGE_STANDARD = gnu11;
				INFOPLIST_FILE = CountOnMeTests/Info.plist;
				LD_RUNPATH_SEARCH_PATHS = "$(inherited) @executable_path/Frameworks @loader_path/Frameworks";
				MTL_ENABLE_DEBUG_INFO = INCLUDE_SOURCE;
				MTL_FAST_MATH = YES;
				PRODUCT_BUNDLE_IDENTIFIER = fr.yak.CountOnMeTests;
				PRODUCT_NAME = "$(TARGET_NAME)";
				SWIFT_ACTIVE_COMPILATION_CONDITIONS = DEBUG;
				SWIFT_OPTIMIZATION_LEVEL = "-Onone";
				SWIFT_VERSION = 4.2;
				TARGETED_DEVICE_FAMILY = "1,2";
				TEST_HOST = "$(BUILT_PRODUCTS_DIR)/CountOnMe.app/CountOnMe";
			};
			name = Debug;
		};
		74154E072220882500975882 /* Release */ = {
			isa = XCBuildConfiguration;
			buildSettings = {
				BUNDLE_LOADER = "$(TEST_HOST)";
				CLANG_ANALYZER_NUMBER_OBJECT_CONVERSION = YES_AGGRESSIVE;
				CLANG_CXX_LANGUAGE_STANDARD = "gnu++14";
				CLANG_ENABLE_MODULES = YES;
				CLANG_ENABLE_OBJC_WEAK = YES;
				CLANG_WARN_DOCUMENTATION_COMMENTS = YES;
				CLANG_WARN_UNGUARDED_AVAILABILITY = YES_AGGRESSIVE;
				CODE_SIGN_IDENTITY = "iPhone Developer";
				CODE_SIGN_STYLE = Automatic;
				ENABLE_BITCODE = NO;
				GCC_C_LANGUAGE_STANDARD = gnu11;
				INFOPLIST_FILE = CountOnMeTests/Info.plist;
				LD_RUNPATH_SEARCH_PATHS = "$(inherited) @executable_path/Frameworks @loader_path/Frameworks";
				MTL_FAST_MATH = YES;
				PRODUCT_BUNDLE_IDENTIFIER = fr.yak.CountOnMeTests;
				PRODUCT_NAME = "$(TARGET_NAME)";
				SWIFT_VERSION = 4.2;
				TARGETED_DEVICE_FAMILY = "1,2";
				TEST_HOST = "$(BUILT_PRODUCTS_DIR)/CountOnMe.app/CountOnMe";
			};
			name = Release;
		};
		C926DAFF1D7581BB00477020 /* Debug */ = {
			isa = XCBuildConfiguration;
			buildSettings = {
				ALWAYS_SEARCH_USER_PATHS = NO;
				CLANG_ANALYZER_NONNULL = YES;
				CLANG_CXX_LANGUAGE_STANDARD = "gnu++0x";
				CLANG_CXX_LIBRARY = "libc++";
				CLANG_ENABLE_MODULES = YES;
				CLANG_ENABLE_OBJC_ARC = YES;
				CLANG_WARN_BLOCK_CAPTURE_AUTORELEASING = YES;
				CLANG_WARN_BOOL_CONVERSION = YES;
				CLANG_WARN_COMMA = YES;
				CLANG_WARN_CONSTANT_CONVERSION = YES;
				CLANG_WARN_DEPRECATED_OBJC_IMPLEMENTATIONS = YES;
				CLANG_WARN_DIRECT_OBJC_ISA_USAGE = YES_ERROR;
				CLANG_WARN_EMPTY_BODY = YES;
				CLANG_WARN_ENUM_CONVERSION = YES;
				CLANG_WARN_INFINITE_RECURSION = YES;
				CLANG_WARN_INT_CONVERSION = YES;
				CLANG_WARN_NON_LITERAL_NULL_CONVERSION = YES;
				CLANG_WARN_OBJC_IMPLICIT_RETAIN_SELF = YES;
				CLANG_WARN_OBJC_LITERAL_CONVERSION = YES;
				CLANG_WARN_OBJC_ROOT_CLASS = YES_ERROR;
				CLANG_WARN_RANGE_LOOP_ANALYSIS = YES;
				CLANG_WARN_STRICT_PROTOTYPES = YES;
				CLANG_WARN_SUSPICIOUS_MOVE = YES;
				CLANG_WARN_UNREACHABLE_CODE = YES;
				CLANG_WARN__DUPLICATE_METHOD_MATCH = YES;
				"CODE_SIGN_IDENTITY[sdk=iphoneos*]" = "iPhone Developer: yac512@hotmail.fr (NZJ8T65D7M)";
				COPY_PHASE_STRIP = NO;
				DEBUG_INFORMATION_FORMAT = dwarf;
				ENABLE_BITCODE = YES;
				ENABLE_STRICT_OBJC_MSGSEND = YES;
				ENABLE_TESTABILITY = YES;
				GCC_C_LANGUAGE_STANDARD = gnu99;
				GCC_DYNAMIC_NO_PIC = NO;
				GCC_NO_COMMON_BLOCKS = YES;
				GCC_OPTIMIZATION_LEVEL = 0;
				GCC_PREPROCESSOR_DEFINITIONS = (
					"DEBUG=1",
					"$(inherited)",
				);
				GCC_WARN_64_TO_32_BIT_CONVERSION = YES;
				GCC_WARN_ABOUT_RETURN_TYPE = YES_ERROR;
				GCC_WARN_UNDECLARED_SELECTOR = YES;
				GCC_WARN_UNINITIALIZED_AUTOS = YES_AGGRESSIVE;
				GCC_WARN_UNUSED_FUNCTION = YES;
				GCC_WARN_UNUSED_VARIABLE = YES;
				IPHONEOS_DEPLOYMENT_TARGET = 12.1;
				MTL_ENABLE_DEBUG_INFO = YES;
				ONLY_ACTIVE_ARCH = YES;
				SDKROOT = iphoneos;
				SWIFT_OPTIMIZATION_LEVEL = "-Onone";
				SWIFT_REFLECTION_METADATA_LEVEL = all;
				TARGETED_DEVICE_FAMILY = "1,2";
			};
			name = Debug;
		};
		C926DB001D7581BB00477020 /* Release */ = {
			isa = XCBuildConfiguration;
			buildSettings = {
				ALWAYS_SEARCH_USER_PATHS = NO;
				CLANG_ANALYZER_NONNULL = YES;
				CLANG_CXX_LANGUAGE_STANDARD = "gnu++0x";
				CLANG_CXX_LIBRARY = "libc++";
				CLANG_ENABLE_MODULES = YES;
				CLANG_ENABLE_OBJC_ARC = YES;
				CLANG_WARN_BLOCK_CAPTURE_AUTORELEASING = YES;
				CLANG_WARN_BOOL_CONVERSION = YES;
				CLANG_WARN_COMMA = YES;
				CLANG_WARN_CONSTANT_CONVERSION = YES;
				CLANG_WARN_DEPRECATED_OBJC_IMPLEMENTATIONS = YES;
				CLANG_WARN_DIRECT_OBJC_ISA_USAGE = YES_ERROR;
				CLANG_WARN_EMPTY_BODY = YES;
				CLANG_WARN_ENUM_CONVERSION = YES;
				CLANG_WARN_INFINITE_RECURSION = YES;
				CLANG_WARN_INT_CONVERSION = YES;
				CLANG_WARN_NON_LITERAL_NULL_CONVERSION = YES;
				CLANG_WARN_OBJC_IMPLICIT_RETAIN_SELF = YES;
				CLANG_WARN_OBJC_LITERAL_CONVERSION = YES;
				CLANG_WARN_OBJC_ROOT_CLASS = YES_ERROR;
				CLANG_WARN_RANGE_LOOP_ANALYSIS = YES;
				CLANG_WARN_STRICT_PROTOTYPES = YES;
				CLANG_WARN_SUSPICIOUS_MOVE = YES;
				CLANG_WARN_UNREACHABLE_CODE = YES;
				CLANG_WARN__DUPLICATE_METHOD_MATCH = YES;
				"CODE_SIGN_IDENTITY[sdk=iphoneos*]" = "iPhone Developer";
				COPY_PHASE_STRIP = NO;
				DEBUG_INFORMATION_FORMAT = "dwarf-with-dsym";
				ENABLE_BITCODE = YES;
				ENABLE_NS_ASSERTIONS = NO;
				ENABLE_STRICT_OBJC_MSGSEND = YES;
				GCC_C_LANGUAGE_STANDARD = gnu99;
				GCC_NO_COMMON_BLOCKS = YES;
				GCC_WARN_64_TO_32_BIT_CONVERSION = YES;
				GCC_WARN_ABOUT_RETURN_TYPE = YES_ERROR;
				GCC_WARN_UNDECLARED_SELECTOR = YES;
				GCC_WARN_UNINITIALIZED_AUTOS = YES_AGGRESSIVE;
				GCC_WARN_UNUSED_FUNCTION = YES;
				GCC_WARN_UNUSED_VARIABLE = YES;
				IPHONEOS_DEPLOYMENT_TARGET = 12.1;
				MTL_ENABLE_DEBUG_INFO = NO;
				SDKROOT = iphoneos;
				SWIFT_OPTIMIZATION_LEVEL = "-Owholemodule";
				SWIFT_REFLECTION_METADATA_LEVEL = all;
				TARGETED_DEVICE_FAMILY = "1,2";
				VALIDATE_PRODUCT = YES;
			};
			name = Release;
		};
		C926DB021D7581BB00477020 /* Debug */ = {
			isa = XCBuildConfiguration;
			buildSettings = {
				ASSETCATALOG_COMPILER_APPICON_NAME = AppIcon;
				"CODE_SIGN_IDENTITY[sdk=iphoneos*]" = "iPhone Developer";
				DEVELOPMENT_TEAM = U827D84ZM8;
				EMBED_ASSET_PACKS_IN_PRODUCT_BUNDLE = NO;
				ENABLE_BITCODE = NO;
				ENABLE_TESTABILITY = YES;
				INFOPLIST_FILE = "$(SRCROOT)/Zozor+/Supporting files/Info.plist";
				LD_RUNPATH_SEARCH_PATHS = "$(inherited) @executable_path/Frameworks";
				PRODUCT_BUNDLE_IDENTIFIER = fr.yak.CountOnMe;
				PRODUCT_NAME = "$(TARGET_NAME)";
				SWIFT_SWIFT3_OBJC_INFERENCE = Default;
				SWIFT_VERSION = 4.2;
				TARGETED_DEVICE_FAMILY = 1;
			};
			name = Debug;
		};
		C926DB031D7581BB00477020 /* Release */ = {
			isa = XCBuildConfiguration;
			buildSettings = {
				ASSETCATALOG_COMPILER_APPICON_NAME = AppIcon;
				DEVELOPMENT_TEAM = U827D84ZM8;
				EMBED_ASSET_PACKS_IN_PRODUCT_BUNDLE = NO;
				ENABLE_BITCODE = NO;
				ENABLE_TESTABILITY = YES;
				INFOPLIST_FILE = "$(SRCROOT)/Zozor+/Supporting files/Info.plist";
				LD_RUNPATH_SEARCH_PATHS = "$(inherited) @executable_path/Frameworks";
				PRODUCT_BUNDLE_IDENTIFIER = fr.yak.CountOnMe;
				PRODUCT_NAME = "$(TARGET_NAME)";
				SWIFT_SWIFT3_OBJC_INFERENCE = Default;
				SWIFT_VERSION = 4.2;
				TARGETED_DEVICE_FAMILY = 1;
			};
			name = Release;
		};
/* End XCBuildConfiguration section */

/* Begin XCConfigurationList section */
		74154E052220882500975882 /* Build configuration list for PBXNativeTarget "CountOnMeTests" */ = {
			isa = XCConfigurationList;
			buildConfigurations = (
				74154E062220882500975882 /* Debug */,
				74154E072220882500975882 /* Release */,
			);
			defaultConfigurationIsVisible = 0;
			defaultConfigurationName = Release;
		};
		C926DAD41D7581BB00477020 /* Build configuration list for PBXProject "CountOnMe" */ = {
			isa = XCConfigurationList;
			buildConfigurations = (
				C926DAFF1D7581BB00477020 /* Debug */,
				C926DB001D7581BB00477020 /* Release */,
			);
			defaultConfigurationIsVisible = 0;
			defaultConfigurationName = Release;
		};
		C926DB011D7581BB00477020 /* Build configuration list for PBXNativeTarget "CountOnMe" */ = {
			isa = XCConfigurationList;
			buildConfigurations = (
				C926DB021D7581BB00477020 /* Debug */,
				C926DB031D7581BB00477020 /* Release */,
			);
			defaultConfigurationIsVisible = 0;
			defaultConfigurationName = Release;
		};
/* End XCConfigurationList section */
	};
	rootObject = C926DAD11D7581BB00477020 /* Project object */;
}
